
Microsoft Visual Studio Solution File, Format Version 12.00
# Visual Studio Version 17
VisualStudioVersion = 17.3.32825.248
MinimumVisualStudioVersion = 10.0.40219.1
Project("{FAE04EC0-301F-11D3-BF4B-00C04F79EFBC}") = "CrystalDevice.UI", "CrystalDevice.UI.csproj", "{873C834D-434B-47F2-BF45-59FC3773C221}"
	ProjectSection(ProjectDependencies) = postProject
		{24A6FEE4-4F38-4197-BD95-76C53331AEE0} = {24A6FEE4-4F38-4197-BD95-76C53331AEE0}
	EndProjectSection
EndProject
Project("{FAE04EC0-301F-11D3-BF4B-00C04F79EFBC}") = "CrystalDevice.BL", "..\CrystalDevice.BL\CrystalDevice.BL.csproj", "{53461CB6-FA39-4B50-A444-47518CEF7D55}"
EndProject
Project("{FAE04EC0-301F-11D3-BF4B-00C04F79EFBC}") = "CrystalDevice.Common", "..\CrystalDevice.Common\CrystalDevice.Common.csproj", "{24A6FEE4-4F38-4197-BD95-76C53331AEE0}"
EndProject
Project("{2150E333-8FDC-42A3-9474-1A3956D46DE8}") = "Tests", "Tests", "{021957D4-9CB8-4D65-AF96-15F8A393B275}"
EndProject
Project("{FAE04EC0-301F-11D3-BF4B-00C04F79EFBC}") = "CrystalDevice.Tests", "..\CrystalDevice.Tests\CrystalDevice.Tests.csproj", "{37B19301-F56E-4764-8C55-F77748CB2B03}"
EndProject
Global
	GlobalSection(SolutionConfigurationPlatforms) = preSolution
		Debug|Any CPU = Debug|Any CPU
		Release|Any CPU = Release|Any CPU
	EndGlobalSection
	GlobalSection(ProjectConfigurationPlatforms) = postSolution
		{873C834D-434B-47F2-BF45-59FC3773C221}.Debug|Any CPU.ActiveCfg = Debug|Any CPU
		{873C834D-434B-47F2-BF45-59FC3773C221}.Debug|Any CPU.Build.0 = Debug|Any CPU
		{873C834D-434B-47F2-BF45-59FC3773C221}.Release|Any CPU.ActiveCfg = Release|Any CPU
		{873C834D-434B-47F2-BF45-59FC3773C221}.Release|Any CPU.Build.0 = Release|Any CPU
		{53461CB6-FA39-4B50-A444-47518CEF7D55}.Debug|Any CPU.ActiveCfg = Debug|Any CPU
		{53461CB6-FA39-4B50-A444-47518CEF7D55}.Debug|Any CPU.Build.0 = Debug|Any CPU
		{53461CB6-FA39-4B50-A444-47518CEF7D55}.Release|Any CPU.ActiveCfg = Release|Any CPU
		{53461CB6-FA39-4B50-A444-47518CEF7D55}.Release|Any CPU.Build.0 = Release|Any CPU
		{24A6FEE4-4F38-4197-BD95-76C53331AEE0}.Debug|Any CPU.ActiveCfg = Debug|Any CPU
		{24A6FEE4-4F38-4197-BD95-76C53331AEE0}.Debug|Any CPU.Build.0 = Debug|Any CPU
		{24A6FEE4-4F38-4197-BD95-76C53331AEE0}.Release|Any CPU.ActiveCfg = Release|Any CPU
		{24A6FEE4-4F38-4197-BD95-76C53331AEE0}.Release|Any CPU.Build.0 = Release|Any CPU
		{37B19301-F56E-4764-8C55-F77748CB2B03}.Debug|Any CPU.ActiveCfg = Debug|Any CPU
		{37B19301-F56E-4764-8C55-F77748CB2B03}.Debug|Any CPU.Build.0 = Debug|Any CPU
		{37B19301-F56E-4764-8C55-F77748CB2B03}.Release|Any CPU.ActiveCfg = Release|Any CPU
		{37B19301-F56E-4764-8C55-F77748CB2B03}.Release|Any CPU.Build.0 = Release|Any CPU
	EndGlobalSection
	GlobalSection(SolutionProperties) = preSolution
		HideSolutionNode = FALSE
	EndGlobalSection
	GlobalSection(NestedProjects) = preSolution
		{37B19301-F56E-4764-8C55-F77748CB2B03} = {021957D4-9CB8-4D65-AF96-15F8A393B275}
	EndGlobalSection
	GlobalSection(ExtensibilityGlobals) = postSolution
		SolutionGuid = {2C53139E-2897-4DDA-B420-37877C4837FB}
	EndGlobalSection
EndGlobal
